
Microsoft Visual Studio Solution File, Format Version 12.00
# Visual Studio Version 17
VisualStudioVersion = 17.0.31903.59
MinimumVisualStudioVersion = 10.0.40219.1
Project("{FAE04EC0-301F-11D3-BF4B-00C04F79EFBC}") = "C#_Donguler_ve_Diziler_Odevleri", "C#_Donguler_ve_Diziler_Odevleri\C#_Donguler_ve_Diziler_Odevleri.csproj", "{65971A79-4E67-4B02-96FA-E863C36E3CD9}"
EndProject
Global
	GlobalSection(SolutionConfigurationPlatforms) = preSolution
		Debug|Any CPU = Debug|Any CPU
		Release|Any CPU = Release|Any CPU
	EndGlobalSection
	GlobalSection(SolutionProperties) = preSolution
		HideSolutionNode = FALSE
	EndGlobalSection
	GlobalSection(ProjectConfigurationPlatforms) = postSolution
		{65971A79-4E67-4B02-96FA-E863C36E3CD9}.Debug|Any CPU.ActiveCfg = Debug|Any CPU
		{65971A79-4E67-4B02-96FA-E863C36E3CD9}.Debug|Any CPU.Build.0 = Debug|Any CPU
		{65971A79-4E67-4B02-96FA-E863C36E3CD9}.Release|Any CPU.ActiveCfg = Release|Any CPU
		{65971A79-4E67-4B02-96FA-E863C36E3CD9}.Release|Any CPU.Build.0 = Release|Any CPU
	EndGlobalSection
EndGlobal
